
Microsoft Visual Studio Solution File, Format Version 12.00
# Visual Studio 15
Project("{FAE04EC0-301F-11D3-BF4B-00C04F79EFBC}") = "UnityEngine.UI", "UnityEngine.UI.csproj", "{096E395F-DD3E-1D55-7064-433935AB023C}"
EndProject
Project("{FAE04EC0-301F-11D3-BF4B-00C04F79EFBC}") = "Unity.Collections", "Unity.Collections.csproj", "{78B08C45-9C80-65BF-D9BF-8E92BE783857}"
EndProject
Project("{FAE04EC0-301F-11D3-BF4B-00C04F79EFBC}") = "UnityEngine.TestRunner", "UnityEngine.TestRunner.csproj", "{92E1DDDE-03B2-CCA0-0BA6-2BAB2107640C}"
EndProject
Project("{FAE04EC0-301F-11D3-BF4B-00C04F79EFBC}") = "Unity.VisualScripting.Flow", "Unity.VisualScripting.Flow.csproj", "{16430245-4A1D-9D64-4247-C643F70B46FD}"
EndProject
Project("{FAE04EC0-301F-11D3-BF4B-00C04F79EFBC}") = "Unity.Mathematics", "Unity.Mathematics.csproj", "{EC47DA55-3BFC-3BE5-B4D0-EB8F62F72F45}"
EndProject
Project("{FAE04EC0-301F-11D3-BF4B-00C04F79EFBC}") = "Assembly-CSharp", "Assembly-CSharp.csproj", "{7DD5BC12-0480-FFD8-A411-3A6F0FABD314}"
EndProject
Project("{FAE04EC0-301F-11D3-BF4B-00C04F79EFBC}") = "Unity.Services.Core.Telemetry", "Unity.Services.Core.Telemetry.csproj", "{6D90F0B5-37CE-C837-BFA3-2156D4305594}"
EndProject
Project("{FAE04EC0-301F-11D3-BF4B-00C04F79EFBC}") = "Unity.InputSystem", "Unity.InputSystem.csproj", "{8E3BC167-8B56-D5A4-5518-9193911F73C6}"
EndProject
Project("{FAE04EC0-301F-11D3-BF4B-00C04F79EFBC}") = "Unity.VisualScripting.State", "Unity.VisualScripting.State.csproj", "{3605DA6A-6225-C523-4D4C-FEA54EF6C720}"
EndProject
Project("{FAE04EC0-301F-11D3-BF4B-00C04F79EFBC}") = "Unity.VisualScripting.Core", "Unity.VisualScripting.Core.csproj", "{86B8543E-71A6-D206-BA74-DD441AE1F60E}"
EndProject
Project("{FAE04EC0-301F-11D3-BF4B-00C04F79EFBC}") = "Unity.Services.Authentication", "Unity.Services.Authentication.csproj", "{A766161A-5F57-F15E-2683-7D3473C036B3}"
EndProject
Project("{FAE04EC0-301F-11D3-BF4B-00C04F79EFBC}") = "Unity.Services.Core.Environments.Internal", "Unity.Services.Core.Environments.Internal.csproj", "{E7709093-9337-5409-7F0A-095C48EC1E49}"
EndProject
Project("{FAE04EC0-301F-11D3-BF4B-00C04F79EFBC}") = "Unity.Services.QoS", "Unity.Services.QoS.csproj", "{606792DD-3FB7-CBD9-B092-8F2016D6D8EE}"
EndProject
Project("{FAE04EC0-301F-11D3-BF4B-00C04F79EFBC}") = "Unity.Burst", "Unity.Burst.csproj", "{51E3E305-F5F2-5085-6E51-55321BC642D0}"
EndProject
Project("{FAE04EC0-301F-11D3-BF4B-00C04F79EFBC}") = "Unity.TextMeshPro", "Unity.TextMeshPro.csproj", "{D644210E-C46C-5D40-1681-C8F67C4EC79E}"
EndProject
Project("{FAE04EC0-301F-11D3-BF4B-00C04F79EFBC}") = "Unity.Netcode.Runtime", "Unity.Netcode.Runtime.csproj", "{A9ECE385-8935-027D-96DA-122E95986419}"
EndProject
Project("{FAE04EC0-301F-11D3-BF4B-00C04F79EFBC}") = "Unity.Services.Relay", "Unity.Services.Relay.csproj", "{41AF8FBC-BEE3-28D8-14F2-394E542E23BB}"
EndProject
Project("{FAE04EC0-301F-11D3-BF4B-00C04F79EFBC}") = "Cinemachine", "Cinemachine.csproj", "{12B06E88-4E57-E171-FFA3-3EC8EADE6DDA}"
EndProject
Project("{FAE04EC0-301F-11D3-BF4B-00C04F79EFBC}") = "Unity.Timeline", "Unity.Timeline.csproj", "{D279E00B-0ACC-BCF8-F0D1-1F127D4C2472}"
EndProject
Project("{FAE04EC0-301F-11D3-BF4B-00C04F79EFBC}") = "Unity.Netcode.Adapter.UTP", "Unity.Netcode.Adapter.UTP.csproj", "{B12B8F1A-87A7-6EA6-E869-633833D5587B}"
EndProject
Project("{FAE04EC0-301F-11D3-BF4B-00C04F79EFBC}") = "Unity.Networking.Transport", "Unity.Networking.Transport.csproj", "{E36266E6-E8DD-50F5-FC80-85B709EEE2B5}"
EndProject
Project("{FAE04EC0-301F-11D3-BF4B-00C04F79EFBC}") = "Unity.Services.Core.Environments", "Unity.Services.Core.Environments.csproj", "{A24884BB-37FF-3279-D310-29B71687FCED}"
EndProject
Project("{FAE04EC0-301F-11D3-BF4B-00C04F79EFBC}") = "Unity.Services.Core.Internal", "Unity.Services.Core.Internal.csproj", "{60695F66-E13B-38F4-091C-A7F7DE2F3918}"
EndProject
Project("{FAE04EC0-301F-11D3-BF4B-00C04F79EFBC}") = "Unity.Services.Core.Analytics", "Unity.Services.Core.Analytics.csproj", "{BC52A2F3-7D8D-BF2A-9001-D754C745AFB6}"
EndProject
Project("{FAE04EC0-301F-11D3-BF4B-00C04F79EFBC}") = "Unity.Netcode.Components", "Unity.Netcode.Components.csproj", "{21C5745A-CA6F-2E16-52DB-67B3E32A5735}"
EndProject
Project("{FAE04EC0-301F-11D3-BF4B-00C04F79EFBC}") = "Unity.Services.Core.Scheduler", "Unity.Services.Core.Scheduler.csproj", "{F5CE721E-1980-EA05-0501-EB7CBF154628}"
EndProject
Project("{FAE04EC0-301F-11D3-BF4B-00C04F79EFBC}") = "Unity.Services.Core.Registration", "Unity.Services.Core.Registration.csproj", "{4D97FF3B-8F8C-5CE8-0962-98C148F9FF3B}"
EndProject
Project("{FAE04EC0-301F-11D3-BF4B-00C04F79EFBC}") = "ClientNetworkTransform", "ClientNetworkTransform.csproj", "{646ED535-6709-AEC9-DE49-74ADDA1C9AD0}"
EndProject
Project("{FAE04EC0-301F-11D3-BF4B-00C04F79EFBC}") = "Unity.Services.Core.Device", "Unity.Services.Core.Device.csproj", "{B8CA16CB-9FC5-287C-672D-B6306FD9E635}"
EndProject
Project("{FAE04EC0-301F-11D3-BF4B-00C04F79EFBC}") = "Unity.Services.Core.Threading", "Unity.Services.Core.Threading.csproj", "{E787ED41-A30D-DC6F-D884-3E5EF320710D}"
EndProject
Project("{FAE04EC0-301F-11D3-BF4B-00C04F79EFBC}") = "Unity.Services.Core.Networking", "Unity.Services.Core.Networking.csproj", "{CA89357E-3E03-35ED-DA45-ED2AF74102D5}"
EndProject
Project("{FAE04EC0-301F-11D3-BF4B-00C04F79EFBC}") = "Unity.Services.Core", "Unity.Services.Core.csproj", "{F4E5C35A-4B57-53CC-88E1-2DC5600CE8FF}"
EndProject
Project("{FAE04EC0-301F-11D3-BF4B-00C04F79EFBC}") = "Unity.Services.Core.Configuration", "Unity.Services.Core.Configuration.csproj", "{30204F1B-DC0F-BA83-DC40-6C28AAAEA16B}"
EndProject
Project("{FAE04EC0-301F-11D3-BF4B-00C04F79EFBC}") = "Unity.PlasticSCM.Editor", "Unity.PlasticSCM.Editor.csproj", "{831EF991-25AA-4107-B2A0-E4EDA02D435D}"
EndProject
Project("{FAE04EC0-301F-11D3-BF4B-00C04F79EFBC}") = "Unity.VisualScripting.Core.Editor", "Unity.VisualScripting.Core.Editor.csproj", "{16DCA1CC-C986-53BB-7187-60A30DACFA84}"
EndProject
Project("{FAE04EC0-301F-11D3-BF4B-00C04F79EFBC}") = "Unity.VisualScripting.Flow.Editor", "Unity.VisualScripting.Flow.Editor.csproj", "{ABD5DB78-5205-7D4E-F5BE-FEA4FE8CD410}"
EndProject
Project("{FAE04EC0-301F-11D3-BF4B-00C04F79EFBC}") = "Unity.Timeline.Editor", "Unity.Timeline.Editor.csproj", "{8541B4C1-C4E2-427F-DCAA-BDC523639B70}"
EndProject
Project("{FAE04EC0-301F-11D3-BF4B-00C04F79EFBC}") = "com.unity.cinemachine.editor", "com.unity.cinemachine.editor.csproj", "{84BF3109-F20D-2026-0167-4AA02C74A1C3}"
EndProject
Project("{FAE04EC0-301F-11D3-BF4B-00C04F79EFBC}") = "Unity.VisualScripting.State.Editor", "Unity.VisualScripting.State.Editor.csproj", "{8A8DE213-3CBF-2869-E247-7F8E886BF44F}"
EndProject
Project("{FAE04EC0-301F-11D3-BF4B-00C04F79EFBC}") = "Unity.TextMeshPro.Editor", "Unity.TextMeshPro.Editor.csproj", "{8254955C-4A7D-6729-3CF7-B891F52FDCD5}"
EndProject
Project("{FAE04EC0-301F-11D3-BF4B-00C04F79EFBC}") = "Unity.VisualScripting.SettingsProvider.Editor", "Unity.VisualScripting.SettingsProvider.Editor.csproj", "{B6F5EBB5-F1D5-FDEE-4E4F-BA3A4081AAF1}"
EndProject
Project("{FAE04EC0-301F-11D3-BF4B-00C04F79EFBC}") = "Unity.CollabProxy.Editor", "Unity.CollabProxy.Editor.csproj", "{EF226941-8699-823B-B481-C039DF71BDA3}"
EndProject
Project("{FAE04EC0-301F-11D3-BF4B-00C04F79EFBC}") = "UnityEditor.TestRunner", "UnityEditor.TestRunner.csproj", "{A39C4148-EFC3-C0EB-D047-51519353B486}"
EndProject
Project("{FAE04EC0-301F-11D3-BF4B-00C04F79EFBC}") = "Unity.Services.Core.Editor", "Unity.Services.Core.Editor.csproj", "{3C4B955B-1FF2-3950-8C28-CCFDF0AC6A83}"
EndProject
Project("{FAE04EC0-301F-11D3-BF4B-00C04F79EFBC}") = "Unity.Services.Authentication.Editor", "Unity.Services.Authentication.Editor.csproj", "{2ADF6ED5-9B8C-3E8A-0B2C-F3968E67D704}"
EndProject
Project("{FAE04EC0-301F-11D3-BF4B-00C04F79EFBC}") = "Unity.Rider.Editor", "Unity.Rider.Editor.csproj", "{EE8800D9-E9A8-422A-B759-DCCDFED6380F}"
EndProject
Project("{FAE04EC0-301F-11D3-BF4B-00C04F79EFBC}") = "Unity.Burst.CodeGen", "Unity.Burst.CodeGen.csproj", "{10AB68EE-7FDA-783B-4EB4-65CAA9F04FE7}"
EndProject
Project("{FAE04EC0-301F-11D3-BF4B-00C04F79EFBC}") = "UnityEditor.UI", "UnityEditor.UI.csproj", "{1666B7FA-C443-8D1D-EF27-B58BFF855F15}"
EndProject
Project("{FAE04EC0-301F-11D3-BF4B-00C04F79EFBC}") = "Unity.Collections.DocCodeSamples", "Unity.Collections.DocCodeSamples.csproj", "{8FBDBA6E-54BC-C4DA-050A-1E3747D48425}"
EndProject
Project("{FAE04EC0-301F-11D3-BF4B-00C04F79EFBC}") = "Unity.Netcode.Editor", "Unity.Netcode.Editor.csproj", "{0ABAC458-1D72-5BB0-CFB4-374B1458A8FC}"
EndProject
Project("{FAE04EC0-301F-11D3-BF4B-00C04F79EFBC}") = "Assembly-CSharp-Editor", "Assembly-CSharp-Editor.csproj", "{35CFE115-5730-3203-129C-F06608D47B4A}"
EndProject
Project("{FAE04EC0-301F-11D3-BF4B-00C04F79EFBC}") = "Unity.Mathematics.Editor", "Unity.Mathematics.Editor.csproj", "{E08B5E66-11E4-829C-6238-2370E3EDA574}"
EndProject
Project("{FAE04EC0-301F-11D3-BF4B-00C04F79EFBC}") = "Unity.Services.Core.Configuration.Editor", "Unity.Services.Core.Configuration.Editor.csproj", "{20C62964-1708-612B-3421-9CDF8FB42A79}"
EndProject
Project("{FAE04EC0-301F-11D3-BF4B-00C04F79EFBC}") = "Unity.Burst.Editor", "Unity.Burst.Editor.csproj", "{00787B41-57C1-6953-C10F-C9CCD657F52C}"
EndProject
Project("{FAE04EC0-301F-11D3-BF4B-00C04F79EFBC}") = "Unity.Networking.Editor", "Unity.Networking.Editor.csproj", "{622C594D-92AA-E589-1A9D-181BB116305D}"
EndProject
Project("{FAE04EC0-301F-11D3-BF4B-00C04F79EFBC}") = "Unity.Netcode.Editor.CodeGen", "Unity.Netcode.Editor.CodeGen.csproj", "{BEE57682-4ABF-394F-1627-AA6F8DC839A6}"
EndProject
Project("{FAE04EC0-301F-11D3-BF4B-00C04F79EFBC}") = "Unity.VisualScripting.Shared.Editor", "Unity.VisualScripting.Shared.Editor.csproj", "{312807BC-E02D-469B-4997-41FE8A2832EF}"
EndProject
Project("{FAE04EC0-301F-11D3-BF4B-00C04F79EFBC}") = "Unity.Collections.BurstCompatibilityGen", "Unity.Collections.BurstCompatibilityGen.csproj", "{03098828-EF13-54C5-9F13-E5FDA3F878C4}"
EndProject
Project("{FAE04EC0-301F-11D3-BF4B-00C04F79EFBC}") = "Unity.Netcode.Adapter.UTP.Editor", "Unity.Netcode.Adapter.UTP.Editor.csproj", "{68C5334A-395C-9966-E92C-3301B693D4A0}"
EndProject
Project("{FAE04EC0-301F-11D3-BF4B-00C04F79EFBC}") = "UnityEngine.UI", "UnityEngine.UI.Player.csproj", "{85B457A7-33CF-B756-BF5C-5A534D96E759}"
EndProject
Project("{FAE04EC0-301F-11D3-BF4B-00C04F79EFBC}") = "Unity.Collections", "Unity.Collections.Player.csproj", "{8E258CF9-CB82-B7D3-FAEC-E23D87B10DB1}"
EndProject
Project("{FAE04EC0-301F-11D3-BF4B-00C04F79EFBC}") = "UnityEngine.TestRunner", "UnityEngine.TestRunner.Player.csproj", "{13F89199-DAF9-8AA5-E50F-AED8C19B5B1C}"
EndProject
Project("{FAE04EC0-301F-11D3-BF4B-00C04F79EFBC}") = "Unity.VisualScripting.Flow", "Unity.VisualScripting.Flow.Player.csproj", "{7716D33A-247E-AF5B-CB1A-7C1200ED1494}"
EndProject
Project("{FAE04EC0-301F-11D3-BF4B-00C04F79EFBC}") = "Unity.Mathematics", "Unity.Mathematics.Player.csproj", "{4239BCF9-3707-B247-3AA8-008E81B723BA}"
EndProject
Project("{FAE04EC0-301F-11D3-BF4B-00C04F79EFBC}") = "Assembly-CSharp", "Assembly-CSharp.Player.csproj", "{3EAD7C15-12D9-BF4E-BC09-21291ED3685B}"
EndProject
Project("{FAE04EC0-301F-11D3-BF4B-00C04F79EFBC}") = "Unity.Services.Core.Telemetry", "Unity.Services.Core.Telemetry.Player.csproj", "{45DE7370-929A-FF1E-94C4-AF5A402465E3}"
EndProject
Project("{FAE04EC0-301F-11D3-BF4B-00C04F79EFBC}") = "Unity.InputSystem", "Unity.InputSystem.Player.csproj", "{2B12E43C-45A2-ADA9-971C-4D884F90416C}"
EndProject
Project("{FAE04EC0-301F-11D3-BF4B-00C04F79EFBC}") = "Unity.VisualScripting.State", "Unity.VisualScripting.State.Player.csproj", "{30EB733C-1C36-3FC0-ED1B-B663C1707BC0}"
EndProject
Project("{FAE04EC0-301F-11D3-BF4B-00C04F79EFBC}") = "Unity.VisualScripting.Core", "Unity.VisualScripting.Core.Player.csproj", "{AEDCD542-F014-66DC-7708-103256FBA255}"
EndProject
Project("{FAE04EC0-301F-11D3-BF4B-00C04F79EFBC}") = "Unity.Services.Authentication", "Unity.Services.Authentication.Player.csproj", "{0F0EA6F3-FCDA-F699-AFFA-13CA6F4AED4A}"
EndProject
Project("{FAE04EC0-301F-11D3-BF4B-00C04F79EFBC}") = "Unity.Services.Core.Environments.Internal", "Unity.Services.Core.Environments.Internal.Player.csproj", "{C0DC23BE-01DA-1777-2984-BD430369AED1}"
EndProject
Project("{FAE04EC0-301F-11D3-BF4B-00C04F79EFBC}") = "Unity.Services.QoS", "Unity.Services.QoS.Player.csproj", "{BAB73C8D-B92A-3B23-3004-A60D86409D2E}"
EndProject
Project("{FAE04EC0-301F-11D3-BF4B-00C04F79EFBC}") = "Unity.Burst", "Unity.Burst.Player.csproj", "{4C766EE8-4C6F-0F51-EE1E-F05F8345D2D9}"
EndProject
Project("{FAE04EC0-301F-11D3-BF4B-00C04F79EFBC}") = "Unity.TextMeshPro", "Unity.TextMeshPro.Player.csproj", "{95C4CBDB-C7A6-32A0-BCC7-5E8691E45F81}"
EndProject
Project("{FAE04EC0-301F-11D3-BF4B-00C04F79EFBC}") = "Unity.Netcode.Runtime", "Unity.Netcode.Runtime.Player.csproj", "{0FD72782-DB42-0230-A627-82BCE3BE9FAC}"
EndProject
Project("{FAE04EC0-301F-11D3-BF4B-00C04F79EFBC}") = "Unity.Services.Relay", "Unity.Services.Relay.Player.csproj", "{E6895D0C-36EB-00E1-889A-82FB7880F5CC}"
EndProject
Project("{FAE04EC0-301F-11D3-BF4B-00C04F79EFBC}") = "Cinemachine", "Cinemachine.Player.csproj", "{BA24DD4F-9C15-8E7F-BFA4-BBED0281D151}"
EndProject
Project("{FAE04EC0-301F-11D3-BF4B-00C04F79EFBC}") = "Unity.Timeline", "Unity.Timeline.Player.csproj", "{845D3613-10AE-3D89-A96C-5C0AE31823B9}"
EndProject
Project("{FAE04EC0-301F-11D3-BF4B-00C04F79EFBC}") = "Unity.Netcode.Adapter.UTP", "Unity.Netcode.Adapter.UTP.Player.csproj", "{2072FCF9-4B45-37FC-4856-0D06790B163D}"
EndProject
Project("{FAE04EC0-301F-11D3-BF4B-00C04F79EFBC}") = "Unity.Networking.Transport", "Unity.Networking.Transport.Player.csproj", "{D7D3048D-FCC3-2BE7-979A-B16AD3AA88B4}"
EndProject
Project("{FAE04EC0-301F-11D3-BF4B-00C04F79EFBC}") = "Unity.Services.Core.Environments", "Unity.Services.Core.Environments.Player.csproj", "{1C80318F-CE45-42BC-5020-89756C10C005}"
EndProject
Project("{FAE04EC0-301F-11D3-BF4B-00C04F79EFBC}") = "Unity.Services.Core.Internal", "Unity.Services.Core.Internal.Player.csproj", "{1804AF7E-499B-62E0-2A4B-580313C83ECB}"
EndProject
Project("{FAE04EC0-301F-11D3-BF4B-00C04F79EFBC}") = "Unity.Services.Core.Analytics", "Unity.Services.Core.Analytics.Player.csproj", "{26206748-76D4-729D-C8F2-F010D05A8E79}"
EndProject
Project("{FAE04EC0-301F-11D3-BF4B-00C04F79EFBC}") = "Unity.Netcode.Components", "Unity.Netcode.Components.Player.csproj", "{9C4A3A1B-74B7-F79E-1EF9-5A6E51007C2D}"
EndProject
Project("{FAE04EC0-301F-11D3-BF4B-00C04F79EFBC}") = "Unity.Services.Core.Scheduler", "Unity.Services.Core.Scheduler.Player.csproj", "{20D1513B-AC7F-C86F-DBBB-097D6D599EC3}"
EndProject
Project("{FAE04EC0-301F-11D3-BF4B-00C04F79EFBC}") = "Unity.Services.Core.Registration", "Unity.Services.Core.Registration.Player.csproj", "{45C8F221-1F99-648F-D7D6-78D8F214B868}"
EndProject
Project("{FAE04EC0-301F-11D3-BF4B-00C04F79EFBC}") = "ClientNetworkTransform", "ClientNetworkTransform.Player.csproj", "{61FE4D74-61A0-B3B9-0578-7505E751B3FE}"
EndProject
Project("{FAE04EC0-301F-11D3-BF4B-00C04F79EFBC}") = "Unity.Services.Core.Device", "Unity.Services.Core.Device.Player.csproj", "{863027D1-8D18-592A-00C5-2F9C90891146}"
EndProject
Project("{FAE04EC0-301F-11D3-BF4B-00C04F79EFBC}") = "Unity.Services.Core.Threading", "Unity.Services.Core.Threading.Player.csproj", "{1DB3D4BD-F32C-F55B-4055-8162E39E7F83}"
EndProject
Project("{FAE04EC0-301F-11D3-BF4B-00C04F79EFBC}") = "Unity.Services.Core.Networking", "Unity.Services.Core.Networking.Player.csproj", "{CE4A2C9F-3880-60B4-1E2E-E4EFB9179F44}"
EndProject
Project("{FAE04EC0-301F-11D3-BF4B-00C04F79EFBC}") = "Unity.Services.Core", "Unity.Services.Core.Player.csproj", "{89D6B942-1FDF-849E-5499-3B0619AB01ED}"
EndProject
Project("{FAE04EC0-301F-11D3-BF4B-00C04F79EFBC}") = "Unity.Services.Core.Configuration", "Unity.Services.Core.Configuration.Player.csproj", "{2BD68179-8FBA-80FB-2283-30325302B328}"
EndProject
Global
	GlobalSection(SolutionConfigurationPlatforms) = preSolution
		Debug|Any CPU = Debug|Any CPU
		Release|Any CPU = Release|Any CPU
	EndGlobalSection
	GlobalSection(ProjectConfigurationPlatforms) = postSolution
		{096E395F-DD3E-1D55-7064-433935AB023C}.Debug|Any CPU.ActiveCfg = Debug|Any CPU
		{096E395F-DD3E-1D55-7064-433935AB023C}.Debug|Any CPU.Build.0 = Debug|Any CPU
		{096E395F-DD3E-1D55-7064-433935AB023C}.Release|Any CPU.ActiveCfg = Release|Any CPU
		{096E395F-DD3E-1D55-7064-433935AB023C}.Release|Any CPU.Build.0 = Release|Any CPU
		{78B08C45-9C80-65BF-D9BF-8E92BE783857}.Debug|Any CPU.ActiveCfg = Debug|Any CPU
		{78B08C45-9C80-65BF-D9BF-8E92BE783857}.Debug|Any CPU.Build.0 = Debug|Any CPU
		{78B08C45-9C80-65BF-D9BF-8E92BE783857}.Release|Any CPU.ActiveCfg = Release|Any CPU
		{78B08C45-9C80-65BF-D9BF-8E92BE783857}.Release|Any CPU.Build.0 = Release|Any CPU
		{92E1DDDE-03B2-CCA0-0BA6-2BAB2107640C}.Debug|Any CPU.ActiveCfg = Debug|Any CPU
		{92E1DDDE-03B2-CCA0-0BA6-2BAB2107640C}.Debug|Any CPU.Build.0 = Debug|Any CPU
		{92E1DDDE-03B2-CCA0-0BA6-2BAB2107640C}.Release|Any CPU.ActiveCfg = Release|Any CPU
		{92E1DDDE-03B2-CCA0-0BA6-2BAB2107640C}.Release|Any CPU.Build.0 = Release|Any CPU
		{16430245-4A1D-9D64-4247-C643F70B46FD}.Debug|Any CPU.ActiveCfg = Debug|Any CPU
		{16430245-4A1D-9D64-4247-C643F70B46FD}.Debug|Any CPU.Build.0 = Debug|Any CPU
		{16430245-4A1D-9D64-4247-C643F70B46FD}.Release|Any CPU.ActiveCfg = Release|Any CPU
		{16430245-4A1D-9D64-4247-C643F70B46FD}.Release|Any CPU.Build.0 = Release|Any CPU
		{EC47DA55-3BFC-3BE5-B4D0-EB8F62F72F45}.Debug|Any CPU.ActiveCfg = Debug|Any CPU
		{EC47DA55-3BFC-3BE5-B4D0-EB8F62F72F45}.Debug|Any CPU.Build.0 = Debug|Any CPU
		{EC47DA55-3BFC-3BE5-B4D0-EB8F62F72F45}.Release|Any CPU.ActiveCfg = Release|Any CPU
		{EC47DA55-3BFC-3BE5-B4D0-EB8F62F72F45}.Release|Any CPU.Build.0 = Release|Any CPU
		{7DD5BC12-0480-FFD8-A411-3A6F0FABD314}.Debug|Any CPU.ActiveCfg = Debug|Any CPU
		{7DD5BC12-0480-FFD8-A411-3A6F0FABD314}.Debug|Any CPU.Build.0 = Debug|Any CPU
		{7DD5BC12-0480-FFD8-A411-3A6F0FABD314}.Release|Any CPU.ActiveCfg = Release|Any CPU
		{7DD5BC12-0480-FFD8-A411-3A6F0FABD314}.Release|Any CPU.Build.0 = Release|Any CPU
		{6D90F0B5-37CE-C837-BFA3-2156D4305594}.Debug|Any CPU.ActiveCfg = Debug|Any CPU
		{6D90F0B5-37CE-C837-BFA3-2156D4305594}.Debug|Any CPU.Build.0 = Debug|Any CPU
		{6D90F0B5-37CE-C837-BFA3-2156D4305594}.Release|Any CPU.ActiveCfg = Release|Any CPU
		{6D90F0B5-37CE-C837-BFA3-2156D4305594}.Release|Any CPU.Build.0 = Release|Any CPU
		{8E3BC167-8B56-D5A4-5518-9193911F73C6}.Debug|Any CPU.ActiveCfg = Debug|Any CPU
		{8E3BC167-8B56-D5A4-5518-9193911F73C6}.Debug|Any CPU.Build.0 = Debug|Any CPU
		{8E3BC167-8B56-D5A4-5518-9193911F73C6}.Release|Any CPU.ActiveCfg = Release|Any CPU
		{8E3BC167-8B56-D5A4-5518-9193911F73C6}.Release|Any CPU.Build.0 = Release|Any CPU
		{3605DA6A-6225-C523-4D4C-FEA54EF6C720}.Debug|Any CPU.ActiveCfg = Debug|Any CPU
		{3605DA6A-6225-C523-4D4C-FEA54EF6C720}.Debug|Any CPU.Build.0 = Debug|Any CPU
		{3605DA6A-6225-C523-4D4C-FEA54EF6C720}.Release|Any CPU.ActiveCfg = Release|Any CPU
		{3605DA6A-6225-C523-4D4C-FEA54EF6C720}.Release|Any CPU.Build.0 = Release|Any CPU
		{86B8543E-71A6-D206-BA74-DD441AE1F60E}.Debug|Any CPU.ActiveCfg = Debug|Any CPU
		{86B8543E-71A6-D206-BA74-DD441AE1F60E}.Debug|Any CPU.Build.0 = Debug|Any CPU
		{86B8543E-71A6-D206-BA74-DD441AE1F60E}.Release|Any CPU.ActiveCfg = Release|Any CPU
		{86B8543E-71A6-D206-BA74-DD441AE1F60E}.Release|Any CPU.Build.0 = Release|Any CPU
		{A766161A-5F57-F15E-2683-7D3473C036B3}.Debug|Any CPU.ActiveCfg = Debug|Any CPU
		{A766161A-5F57-F15E-2683-7D3473C036B3}.Debug|Any CPU.Build.0 = Debug|Any CPU
		{A766161A-5F57-F15E-2683-7D3473C036B3}.Release|Any CPU.ActiveCfg = Release|Any CPU
		{A766161A-5F57-F15E-2683-7D3473C036B3}.Release|Any CPU.Build.0 = Release|Any CPU
		{E7709093-9337-5409-7F0A-095C48EC1E49}.Debug|Any CPU.ActiveCfg = Debug|Any CPU
		{E7709093-9337-5409-7F0A-095C48EC1E49}.Debug|Any CPU.Build.0 = Debug|Any CPU
		{E7709093-9337-5409-7F0A-095C48EC1E49}.Release|Any CPU.ActiveCfg = Release|Any CPU
		{E7709093-9337-5409-7F0A-095C48EC1E49}.Release|Any CPU.Build.0 = Release|Any CPU
		{606792DD-3FB7-CBD9-B092-8F2016D6D8EE}.Debug|Any CPU.ActiveCfg = Debug|Any CPU
		{606792DD-3FB7-CBD9-B092-8F2016D6D8EE}.Debug|Any CPU.Build.0 = Debug|Any CPU
		{606792DD-3FB7-CBD9-B092-8F2016D6D8EE}.Release|Any CPU.ActiveCfg = Release|Any CPU
		{606792DD-3FB7-CBD9-B092-8F2016D6D8EE}.Release|Any CPU.Build.0 = Release|Any CPU
		{51E3E305-F5F2-5085-6E51-55321BC642D0}.Debug|Any CPU.ActiveCfg = Debug|Any CPU
		{51E3E305-F5F2-5085-6E51-55321BC642D0}.Debug|Any CPU.Build.0 = Debug|Any CPU
		{51E3E305-F5F2-5085-6E51-55321BC642D0}.Release|Any CPU.ActiveCfg = Release|Any CPU
		{51E3E305-F5F2-5085-6E51-55321BC642D0}.Release|Any CPU.Build.0 = Release|Any CPU
		{D644210E-C46C-5D40-1681-C8F67C4EC79E}.Debug|Any CPU.ActiveCfg = Debug|Any CPU
		{D644210E-C46C-5D40-1681-C8F67C4EC79E}.Debug|Any CPU.Build.0 = Debug|Any CPU
		{D644210E-C46C-5D40-1681-C8F67C4EC79E}.Release|Any CPU.ActiveCfg = Release|Any CPU
		{D644210E-C46C-5D40-1681-C8F67C4EC79E}.Release|Any CPU.Build.0 = Release|Any CPU
		{A9ECE385-8935-027D-96DA-122E95986419}.Debug|Any CPU.ActiveCfg = Debug|Any CPU
		{A9ECE385-8935-027D-96DA-122E95986419}.Debug|Any CPU.Build.0 = Debug|Any CPU
		{A9ECE385-8935-027D-96DA-122E95986419}.Release|Any CPU.ActiveCfg = Release|Any CPU
		{A9ECE385-8935-027D-96DA-122E95986419}.Release|Any CPU.Build.0 = Release|Any CPU
		{41AF8FBC-BEE3-28D8-14F2-394E542E23BB}.Debug|Any CPU.ActiveCfg = Debug|Any CPU
		{41AF8FBC-BEE3-28D8-14F2-394E542E23BB}.Debug|Any CPU.Build.0 = Debug|Any CPU
		{41AF8FBC-BEE3-28D8-14F2-394E542E23BB}.Release|Any CPU.ActiveCfg = Release|Any CPU
		{41AF8FBC-BEE3-28D8-14F2-394E542E23BB}.Release|Any CPU.Build.0 = Release|Any CPU
		{12B06E88-4E57-E171-FFA3-3EC8EADE6DDA}.Debug|Any CPU.ActiveCfg = Debug|Any CPU
		{12B06E88-4E57-E171-FFA3-3EC8EADE6DDA}.Debug|Any CPU.Build.0 = Debug|Any CPU
		{12B06E88-4E57-E171-FFA3-3EC8EADE6DDA}.Release|Any CPU.ActiveCfg = Release|Any CPU
		{12B06E88-4E57-E171-FFA3-3EC8EADE6DDA}.Release|Any CPU.Build.0 = Release|Any CPU
		{D279E00B-0ACC-BCF8-F0D1-1F127D4C2472}.Debug|Any CPU.ActiveCfg = Debug|Any CPU
		{D279E00B-0ACC-BCF8-F0D1-1F127D4C2472}.Debug|Any CPU.Build.0 = Debug|Any CPU
		{D279E00B-0ACC-BCF8-F0D1-1F127D4C2472}.Release|Any CPU.ActiveCfg = Release|Any CPU
		{D279E00B-0ACC-BCF8-F0D1-1F127D4C2472}.Release|Any CPU.Build.0 = Release|Any CPU
		{B12B8F1A-87A7-6EA6-E869-633833D5587B}.Debug|Any CPU.ActiveCfg = Debug|Any CPU
		{B12B8F1A-87A7-6EA6-E869-633833D5587B}.Debug|Any CPU.Build.0 = Debug|Any CPU
		{B12B8F1A-87A7-6EA6-E869-633833D5587B}.Release|Any CPU.ActiveCfg = Release|Any CPU
		{B12B8F1A-87A7-6EA6-E869-633833D5587B}.Release|Any CPU.Build.0 = Release|Any CPU
		{E36266E6-E8DD-50F5-FC80-85B709EEE2B5}.Debug|Any CPU.ActiveCfg = Debug|Any CPU
		{E36266E6-E8DD-50F5-FC80-85B709EEE2B5}.Debug|Any CPU.Build.0 = Debug|Any CPU
		{E36266E6-E8DD-50F5-FC80-85B709EEE2B5}.Release|Any CPU.ActiveCfg = Release|Any CPU
		{E36266E6-E8DD-50F5-FC80-85B709EEE2B5}.Release|Any CPU.Build.0 = Release|Any CPU
		{A24884BB-37FF-3279-D310-29B71687FCED}.Debug|Any CPU.ActiveCfg = Debug|Any CPU
		{A24884BB-37FF-3279-D310-29B71687FCED}.Debug|Any CPU.Build.0 = Debug|Any CPU
		{A24884BB-37FF-3279-D310-29B71687FCED}.Release|Any CPU.ActiveCfg = Release|Any CPU
		{A24884BB-37FF-3279-D310-29B71687FCED}.Release|Any CPU.Build.0 = Release|Any CPU
		{60695F66-E13B-38F4-091C-A7F7DE2F3918}.Debug|Any CPU.ActiveCfg = Debug|Any CPU
		{60695F66-E13B-38F4-091C-A7F7DE2F3918}.Debug|Any CPU.Build.0 = Debug|Any CPU
		{60695F66-E13B-38F4-091C-A7F7DE2F3918}.Release|Any CPU.ActiveCfg = Release|Any CPU
		{60695F66-E13B-38F4-091C-A7F7DE2F3918}.Release|Any CPU.Build.0 = Release|Any CPU
		{BC52A2F3-7D8D-BF2A-9001-D754C745AFB6}.Debug|Any CPU.ActiveCfg = Debug|Any CPU
		{BC52A2F3-7D8D-BF2A-9001-D754C745AFB6}.Debug|Any CPU.Build.0 = Debug|Any CPU
		{BC52A2F3-7D8D-BF2A-9001-D754C745AFB6}.Release|Any CPU.ActiveCfg = Release|Any CPU
		{BC52A2F3-7D8D-BF2A-9001-D754C745AFB6}.Release|Any CPU.Build.0 = Release|Any CPU
		{21C5745A-CA6F-2E16-52DB-67B3E32A5735}.Debug|Any CPU.ActiveCfg = Debug|Any CPU
		{21C5745A-CA6F-2E16-52DB-67B3E32A5735}.Debug|Any CPU.Build.0 = Debug|Any CPU
		{21C5745A-CA6F-2E16-52DB-67B3E32A5735}.Release|Any CPU.ActiveCfg = Release|Any CPU
		{21C5745A-CA6F-2E16-52DB-67B3E32A5735}.Release|Any CPU.Build.0 = Release|Any CPU
		{F5CE721E-1980-EA05-0501-EB7CBF154628}.Debug|Any CPU.ActiveCfg = Debug|Any CPU
		{F5CE721E-1980-EA05-0501-EB7CBF154628}.Debug|Any CPU.Build.0 = Debug|Any CPU
		{F5CE721E-1980-EA05-0501-EB7CBF154628}.Release|Any CPU.ActiveCfg = Release|Any CPU
		{F5CE721E-1980-EA05-0501-EB7CBF154628}.Release|Any CPU.Build.0 = Release|Any CPU
		{4D97FF3B-8F8C-5CE8-0962-98C148F9FF3B}.Debug|Any CPU.ActiveCfg = Debug|Any CPU
		{4D97FF3B-8F8C-5CE8-0962-98C148F9FF3B}.Debug|Any CPU.Build.0 = Debug|Any CPU
		{4D97FF3B-8F8C-5CE8-0962-98C148F9FF3B}.Release|Any CPU.ActiveCfg = Release|Any CPU
		{4D97FF3B-8F8C-5CE8-0962-98C148F9FF3B}.Release|Any CPU.Build.0 = Release|Any CPU
		{646ED535-6709-AEC9-DE49-74ADDA1C9AD0}.Debug|Any CPU.ActiveCfg = Debug|Any CPU
		{646ED535-6709-AEC9-DE49-74ADDA1C9AD0}.Debug|Any CPU.Build.0 = Debug|Any CPU
		{646ED535-6709-AEC9-DE49-74ADDA1C9AD0}.Release|Any CPU.ActiveCfg = Release|Any CPU
		{646ED535-6709-AEC9-DE49-74ADDA1C9AD0}.Release|Any CPU.Build.0 = Release|Any CPU
		{B8CA16CB-9FC5-287C-672D-B6306FD9E635}.Debug|Any CPU.ActiveCfg = Debug|Any CPU
		{B8CA16CB-9FC5-287C-672D-B6306FD9E635}.Debug|Any CPU.Build.0 = Debug|Any CPU
		{B8CA16CB-9FC5-287C-672D-B6306FD9E635}.Release|Any CPU.ActiveCfg = Release|Any CPU
		{B8CA16CB-9FC5-287C-672D-B6306FD9E635}.Release|Any CPU.Build.0 = Release|Any CPU
		{E787ED41-A30D-DC6F-D884-3E5EF320710D}.Debug|Any CPU.ActiveCfg = Debug|Any CPU
		{E787ED41-A30D-DC6F-D884-3E5EF320710D}.Debug|Any CPU.Build.0 = Debug|Any CPU
		{E787ED41-A30D-DC6F-D884-3E5EF320710D}.Release|Any CPU.ActiveCfg = Release|Any CPU
		{E787ED41-A30D-DC6F-D884-3E5EF320710D}.Release|Any CPU.Build.0 = Release|Any CPU
		{CA89357E-3E03-35ED-DA45-ED2AF74102D5}.Debug|Any CPU.ActiveCfg = Debug|Any CPU
		{CA89357E-3E03-35ED-DA45-ED2AF74102D5}.Debug|Any CPU.Build.0 = Debug|Any CPU
		{CA89357E-3E03-35ED-DA45-ED2AF74102D5}.Release|Any CPU.ActiveCfg = Release|Any CPU
		{CA89357E-3E03-35ED-DA45-ED2AF74102D5}.Release|Any CPU.Build.0 = Release|Any CPU
		{F4E5C35A-4B57-53CC-88E1-2DC5600CE8FF}.Debug|Any CPU.ActiveCfg = Debug|Any CPU
		{F4E5C35A-4B57-53CC-88E1-2DC5600CE8FF}.Debug|Any CPU.Build.0 = Debug|Any CPU
		{F4E5C35A-4B57-53CC-88E1-2DC5600CE8FF}.Release|Any CPU.ActiveCfg = Release|Any CPU
		{F4E5C35A-4B57-53CC-88E1-2DC5600CE8FF}.Release|Any CPU.Build.0 = Release|Any CPU
		{30204F1B-DC0F-BA83-DC40-6C28AAAEA16B}.Debug|Any CPU.ActiveCfg = Debug|Any CPU
		{30204F1B-DC0F-BA83-DC40-6C28AAAEA16B}.Debug|Any CPU.Build.0 = Debug|Any CPU
		{30204F1B-DC0F-BA83-DC40-6C28AAAEA16B}.Release|Any CPU.ActiveCfg = Release|Any CPU
		{30204F1B-DC0F-BA83-DC40-6C28AAAEA16B}.Release|Any CPU.Build.0 = Release|Any CPU
		{831EF991-25AA-4107-B2A0-E4EDA02D435D}.Debug|Any CPU.ActiveCfg = Debug|Any CPU
		{831EF991-25AA-4107-B2A0-E4EDA02D435D}.Debug|Any CPU.Build.0 = Debug|Any CPU
		{831EF991-25AA-4107-B2A0-E4EDA02D435D}.Release|Any CPU.ActiveCfg = Release|Any CPU
		{831EF991-25AA-4107-B2A0-E4EDA02D435D}.Release|Any CPU.Build.0 = Release|Any CPU
		{16DCA1CC-C986-53BB-7187-60A30DACFA84}.Debug|Any CPU.ActiveCfg = Debug|Any CPU
		{16DCA1CC-C986-53BB-7187-60A30DACFA84}.Debug|Any CPU.Build.0 = Debug|Any CPU
		{16DCA1CC-C986-53BB-7187-60A30DACFA84}.Release|Any CPU.ActiveCfg = Release|Any CPU
		{16DCA1CC-C986-53BB-7187-60A30DACFA84}.Release|Any CPU.Build.0 = Release|Any CPU
		{ABD5DB78-5205-7D4E-F5BE-FEA4FE8CD410}.Debug|Any CPU.ActiveCfg = Debug|Any CPU
		{ABD5DB78-5205-7D4E-F5BE-FEA4FE8CD410}.Debug|Any CPU.Build.0 = Debug|Any CPU
		{ABD5DB78-5205-7D4E-F5BE-FEA4FE8CD410}.Release|Any CPU.ActiveCfg = Release|Any CPU
		{ABD5DB78-5205-7D4E-F5BE-FEA4FE8CD410}.Release|Any CPU.Build.0 = Release|Any CPU
		{8541B4C1-C4E2-427F-DCAA-BDC523639B70}.Debug|Any CPU.ActiveCfg = Debug|Any CPU
		{8541B4C1-C4E2-427F-DCAA-BDC523639B70}.Debug|Any CPU.Build.0 = Debug|Any CPU
		{8541B4C1-C4E2-427F-DCAA-BDC523639B70}.Release|Any CPU.ActiveCfg = Release|Any CPU
		{8541B4C1-C4E2-427F-DCAA-BDC523639B70}.Release|Any CPU.Build.0 = Release|Any CPU
		{84BF3109-F20D-2026-0167-4AA02C74A1C3}.Debug|Any CPU.ActiveCfg = Debug|Any CPU
		{84BF3109-F20D-2026-0167-4AA02C74A1C3}.Debug|Any CPU.Build.0 = Debug|Any CPU
		{84BF3109-F20D-2026-0167-4AA02C74A1C3}.Release|Any CPU.ActiveCfg = Release|Any CPU
		{84BF3109-F20D-2026-0167-4AA02C74A1C3}.Release|Any CPU.Build.0 = Release|Any CPU
		{8A8DE213-3CBF-2869-E247-7F8E886BF44F}.Debug|Any CPU.ActiveCfg = Debug|Any CPU
		{8A8DE213-3CBF-2869-E247-7F8E886BF44F}.Debug|Any CPU.Build.0 = Debug|Any CPU
		{8A8DE213-3CBF-2869-E247-7F8E886BF44F}.Release|Any CPU.ActiveCfg = Release|Any CPU
		{8A8DE213-3CBF-2869-E247-7F8E886BF44F}.Release|Any CPU.Build.0 = Release|Any CPU
		{8254955C-4A7D-6729-3CF7-B891F52FDCD5}.Debug|Any CPU.ActiveCfg = Debug|Any CPU
		{8254955C-4A7D-6729-3CF7-B891F52FDCD5}.Debug|Any CPU.Build.0 = Debug|Any CPU
		{8254955C-4A7D-6729-3CF7-B891F52FDCD5}.Release|Any CPU.ActiveCfg = Release|Any CPU
		{8254955C-4A7D-6729-3CF7-B891F52FDCD5}.Release|Any CPU.Build.0 = Release|Any CPU
		{B6F5EBB5-F1D5-FDEE-4E4F-BA3A4081AAF1}.Debug|Any CPU.ActiveCfg = Debug|Any CPU
		{B6F5EBB5-F1D5-FDEE-4E4F-BA3A4081AAF1}.Debug|Any CPU.Build.0 = Debug|Any CPU
		{B6F5EBB5-F1D5-FDEE-4E4F-BA3A4081AAF1}.Release|Any CPU.ActiveCfg = Release|Any CPU
		{B6F5EBB5-F1D5-FDEE-4E4F-BA3A4081AAF1}.Release|Any CPU.Build.0 = Release|Any CPU
		{EF226941-8699-823B-B481-C039DF71BDA3}.Debug|Any CPU.ActiveCfg = Debug|Any CPU
		{EF226941-8699-823B-B481-C039DF71BDA3}.Debug|Any CPU.Build.0 = Debug|Any CPU
		{EF226941-8699-823B-B481-C039DF71BDA3}.Release|Any CPU.ActiveCfg = Release|Any CPU
		{EF226941-8699-823B-B481-C039DF71BDA3}.Release|Any CPU.Build.0 = Release|Any CPU
		{A39C4148-EFC3-C0EB-D047-51519353B486}.Debug|Any CPU.ActiveCfg = Debug|Any CPU
		{A39C4148-EFC3-C0EB-D047-51519353B486}.Debug|Any CPU.Build.0 = Debug|Any CPU
		{A39C4148-EFC3-C0EB-D047-51519353B486}.Release|Any CPU.ActiveCfg = Release|Any CPU
		{A39C4148-EFC3-C0EB-D047-51519353B486}.Release|Any CPU.Build.0 = Release|Any CPU
		{3C4B955B-1FF2-3950-8C28-CCFDF0AC6A83}.Debug|Any CPU.ActiveCfg = Debug|Any CPU
		{3C4B955B-1FF2-3950-8C28-CCFDF0AC6A83}.Debug|Any CPU.Build.0 = Debug|Any CPU
		{3C4B955B-1FF2-3950-8C28-CCFDF0AC6A83}.Release|Any CPU.ActiveCfg = Release|Any CPU
		{3C4B955B-1FF2-3950-8C28-CCFDF0AC6A83}.Release|Any CPU.Build.0 = Release|Any CPU
		{2ADF6ED5-9B8C-3E8A-0B2C-F3968E67D704}.Debug|Any CPU.ActiveCfg = Debug|Any CPU
		{2ADF6ED5-9B8C-3E8A-0B2C-F3968E67D704}.Debug|Any CPU.Build.0 = Debug|Any CPU
		{2ADF6ED5-9B8C-3E8A-0B2C-F3968E67D704}.Release|Any CPU.ActiveCfg = Release|Any CPU
		{2ADF6ED5-9B8C-3E8A-0B2C-F3968E67D704}.Release|Any CPU.Build.0 = Release|Any CPU
		{EE8800D9-E9A8-422A-B759-DCCDFED6380F}.Debug|Any CPU.ActiveCfg = Debug|Any CPU
		{EE8800D9-E9A8-422A-B759-DCCDFED6380F}.Debug|Any CPU.Build.0 = Debug|Any CPU
		{EE8800D9-E9A8-422A-B759-DCCDFED6380F}.Release|Any CPU.ActiveCfg = Release|Any CPU
		{EE8800D9-E9A8-422A-B759-DCCDFED6380F}.Release|Any CPU.Build.0 = Release|Any CPU
		{10AB68EE-7FDA-783B-4EB4-65CAA9F04FE7}.Debug|Any CPU.ActiveCfg = Debug|Any CPU
		{10AB68EE-7FDA-783B-4EB4-65CAA9F04FE7}.Debug|Any CPU.Build.0 = Debug|Any CPU
		{10AB68EE-7FDA-783B-4EB4-65CAA9F04FE7}.Release|Any CPU.ActiveCfg = Release|Any CPU
		{10AB68EE-7FDA-783B-4EB4-65CAA9F04FE7}.Release|Any CPU.Build.0 = Release|Any CPU
		{1666B7FA-C443-8D1D-EF27-B58BFF855F15}.Debug|Any CPU.ActiveCfg = Debug|Any CPU
		{1666B7FA-C443-8D1D-EF27-B58BFF855F15}.Debug|Any CPU.Build.0 = Debug|Any CPU
		{1666B7FA-C443-8D1D-EF27-B58BFF855F15}.Release|Any CPU.ActiveCfg = Release|Any CPU
		{1666B7FA-C443-8D1D-EF27-B58BFF855F15}.Release|Any CPU.Build.0 = Release|Any CPU
		{8FBDBA6E-54BC-C4DA-050A-1E3747D48425}.Debug|Any CPU.ActiveCfg = Debug|Any CPU
		{8FBDBA6E-54BC-C4DA-050A-1E3747D48425}.Debug|Any CPU.Build.0 = Debug|Any CPU
		{8FBDBA6E-54BC-C4DA-050A-1E3747D48425}.Release|Any CPU.ActiveCfg = Release|Any CPU
		{8FBDBA6E-54BC-C4DA-050A-1E3747D48425}.Release|Any CPU.Build.0 = Release|Any CPU
		{0ABAC458-1D72-5BB0-CFB4-374B1458A8FC}.Debug|Any CPU.ActiveCfg = Debug|Any CPU
		{0ABAC458-1D72-5BB0-CFB4-374B1458A8FC}.Debug|Any CPU.Build.0 = Debug|Any CPU
		{0ABAC458-1D72-5BB0-CFB4-374B1458A8FC}.Release|Any CPU.ActiveCfg = Release|Any CPU
		{0ABAC458-1D72-5BB0-CFB4-374B1458A8FC}.Release|Any CPU.Build.0 = Release|Any CPU
		{35CFE115-5730-3203-129C-F06608D47B4A}.Debug|Any CPU.ActiveCfg = Debug|Any CPU
		{35CFE115-5730-3203-129C-F06608D47B4A}.Debug|Any CPU.Build.0 = Debug|Any CPU
		{35CFE115-5730-3203-129C-F06608D47B4A}.Release|Any CPU.ActiveCfg = Release|Any CPU
		{35CFE115-5730-3203-129C-F06608D47B4A}.Release|Any CPU.Build.0 = Release|Any CPU
		{E08B5E66-11E4-829C-6238-2370E3EDA574}.Debug|Any CPU.ActiveCfg = Debug|Any CPU
		{E08B5E66-11E4-829C-6238-2370E3EDA574}.Debug|Any CPU.Build.0 = Debug|Any CPU
		{E08B5E66-11E4-829C-6238-2370E3EDA574}.Release|Any CPU.ActiveCfg = Release|Any CPU
		{E08B5E66-11E4-829C-6238-2370E3EDA574}.Release|Any CPU.Build.0 = Release|Any CPU
		{20C62964-1708-612B-3421-9CDF8FB42A79}.Debug|Any CPU.ActiveCfg = Debug|Any CPU
		{20C62964-1708-612B-3421-9CDF8FB42A79}.Debug|Any CPU.Build.0 = Debug|Any CPU
		{20C62964-1708-612B-3421-9CDF8FB42A79}.Release|Any CPU.ActiveCfg = Release|Any CPU
		{20C62964-1708-612B-3421-9CDF8FB42A79}.Release|Any CPU.Build.0 = Release|Any CPU
		{00787B41-57C1-6953-C10F-C9CCD657F52C}.Debug|Any CPU.ActiveCfg = Debug|Any CPU
		{00787B41-57C1-6953-C10F-C9CCD657F52C}.Debug|Any CPU.Build.0 = Debug|Any CPU
		{00787B41-57C1-6953-C10F-C9CCD657F52C}.Release|Any CPU.ActiveCfg = Release|Any CPU
		{00787B41-57C1-6953-C10F-C9CCD657F52C}.Release|Any CPU.Build.0 = Release|Any CPU
		{622C594D-92AA-E589-1A9D-181BB116305D}.Debug|Any CPU.ActiveCfg = Debug|Any CPU
		{622C594D-92AA-E589-1A9D-181BB116305D}.Debug|Any CPU.Build.0 = Debug|Any CPU
		{622C594D-92AA-E589-1A9D-181BB116305D}.Release|Any CPU.ActiveCfg = Release|Any CPU
		{622C594D-92AA-E589-1A9D-181BB116305D}.Release|Any CPU.Build.0 = Release|Any CPU
		{BEE57682-4ABF-394F-1627-AA6F8DC839A6}.Debug|Any CPU.ActiveCfg = Debug|Any CPU
		{BEE57682-4ABF-394F-1627-AA6F8DC839A6}.Debug|Any CPU.Build.0 = Debug|Any CPU
		{BEE57682-4ABF-394F-1627-AA6F8DC839A6}.Release|Any CPU.ActiveCfg = Release|Any CPU
		{BEE57682-4ABF-394F-1627-AA6F8DC839A6}.Release|Any CPU.Build.0 = Release|Any CPU
		{312807BC-E02D-469B-4997-41FE8A2832EF}.Debug|Any CPU.ActiveCfg = Debug|Any CPU
		{312807BC-E02D-469B-4997-41FE8A2832EF}.Debug|Any CPU.Build.0 = Debug|Any CPU
		{312807BC-E02D-469B-4997-41FE8A2832EF}.Release|Any CPU.ActiveCfg = Release|Any CPU
		{312807BC-E02D-469B-4997-41FE8A2832EF}.Release|Any CPU.Build.0 = Release|Any CPU
		{03098828-EF13-54C5-9F13-E5FDA3F878C4}.Debug|Any CPU.ActiveCfg = Debug|Any CPU
		{03098828-EF13-54C5-9F13-E5FDA3F878C4}.Debug|Any CPU.Build.0 = Debug|Any CPU
		{03098828-EF13-54C5-9F13-E5FDA3F878C4}.Release|Any CPU.ActiveCfg = Release|Any CPU
		{03098828-EF13-54C5-9F13-E5FDA3F878C4}.Release|Any CPU.Build.0 = Release|Any CPU
		{68C5334A-395C-9966-E92C-3301B693D4A0}.Debug|Any CPU.ActiveCfg = Debug|Any CPU
		{68C5334A-395C-9966-E92C-3301B693D4A0}.Debug|Any CPU.Build.0 = Debug|Any CPU
		{68C5334A-395C-9966-E92C-3301B693D4A0}.Release|Any CPU.ActiveCfg = Release|Any CPU
		{68C5334A-395C-9966-E92C-3301B693D4A0}.Release|Any CPU.Build.0 = Release|Any CPU
		{85B457A7-33CF-B756-BF5C-5A534D96E759}.Debug|Any CPU.ActiveCfg = Debug|Any CPU
		{85B457A7-33CF-B756-BF5C-5A534D96E759}.Debug|Any CPU.Build.0 = Debug|Any CPU
		{85B457A7-33CF-B756-BF5C-5A534D96E759}.Release|Any CPU.ActiveCfg = Release|Any CPU
		{85B457A7-33CF-B756-BF5C-5A534D96E759}.Release|Any CPU.Build.0 = Release|Any CPU
		{8E258CF9-CB82-B7D3-FAEC-E23D87B10DB1}.Debug|Any CPU.ActiveCfg = Debug|Any CPU
		{8E258CF9-CB82-B7D3-FAEC-E23D87B10DB1}.Debug|Any CPU.Build.0 = Debug|Any CPU
		{8E258CF9-CB82-B7D3-FAEC-E23D87B10DB1}.Release|Any CPU.ActiveCfg = Release|Any CPU
		{8E258CF9-CB82-B7D3-FAEC-E23D87B10DB1}.Release|Any CPU.Build.0 = Release|Any CPU
		{13F89199-DAF9-8AA5-E50F-AED8C19B5B1C}.Debug|Any CPU.ActiveCfg = Debug|Any CPU
		{13F89199-DAF9-8AA5-E50F-AED8C19B5B1C}.Debug|Any CPU.Build.0 = Debug|Any CPU
		{13F89199-DAF9-8AA5-E50F-AED8C19B5B1C}.Release|Any CPU.ActiveCfg = Release|Any CPU
		{13F89199-DAF9-8AA5-E50F-AED8C19B5B1C}.Release|Any CPU.Build.0 = Release|Any CPU
		{7716D33A-247E-AF5B-CB1A-7C1200ED1494}.Debug|Any CPU.ActiveCfg = Debug|Any CPU
		{7716D33A-247E-AF5B-CB1A-7C1200ED1494}.Debug|Any CPU.Build.0 = Debug|Any CPU
		{7716D33A-247E-AF5B-CB1A-7C1200ED1494}.Release|Any CPU.ActiveCfg = Release|Any CPU
		{7716D33A-247E-AF5B-CB1A-7C1200ED1494}.Release|Any CPU.Build.0 = Release|Any CPU
		{4239BCF9-3707-B247-3AA8-008E81B723BA}.Debug|Any CPU.ActiveCfg = Debug|Any CPU
		{4239BCF9-3707-B247-3AA8-008E81B723BA}.Debug|Any CPU.Build.0 = Debug|Any CPU
		{4239BCF9-3707-B247-3AA8-008E81B723BA}.Release|Any CPU.ActiveCfg = Release|Any CPU
		{4239BCF9-3707-B247-3AA8-008E81B723BA}.Release|Any CPU.Build.0 = Release|Any CPU
		{3EAD7C15-12D9-BF4E-BC09-21291ED3685B}.Debug|Any CPU.ActiveCfg = Debug|Any CPU
		{3EAD7C15-12D9-BF4E-BC09-21291ED3685B}.Debug|Any CPU.Build.0 = Debug|Any CPU
		{3EAD7C15-12D9-BF4E-BC09-21291ED3685B}.Release|Any CPU.ActiveCfg = Release|Any CPU
		{3EAD7C15-12D9-BF4E-BC09-21291ED3685B}.Release|Any CPU.Build.0 = Release|Any CPU
		{45DE7370-929A-FF1E-94C4-AF5A402465E3}.Debug|Any CPU.ActiveCfg = Debug|Any CPU
		{45DE7370-929A-FF1E-94C4-AF5A402465E3}.Debug|Any CPU.Build.0 = Debug|Any CPU
		{45DE7370-929A-FF1E-94C4-AF5A402465E3}.Release|Any CPU.ActiveCfg = Release|Any CPU
		{45DE7370-929A-FF1E-94C4-AF5A402465E3}.Release|Any CPU.Build.0 = Release|Any CPU
		{2B12E43C-45A2-ADA9-971C-4D884F90416C}.Debug|Any CPU.ActiveCfg = Debug|Any CPU
		{2B12E43C-45A2-ADA9-971C-4D884F90416C}.Debug|Any CPU.Build.0 = Debug|Any CPU
		{2B12E43C-45A2-ADA9-971C-4D884F90416C}.Release|Any CPU.ActiveCfg = Release|Any CPU
		{2B12E43C-45A2-ADA9-971C-4D884F90416C}.Release|Any CPU.Build.0 = Release|Any CPU
		{30EB733C-1C36-3FC0-ED1B-B663C1707BC0}.Debug|Any CPU.ActiveCfg = Debug|Any CPU
		{30EB733C-1C36-3FC0-ED1B-B663C1707BC0}.Debug|Any CPU.Build.0 = Debug|Any CPU
		{30EB733C-1C36-3FC0-ED1B-B663C1707BC0}.Release|Any CPU.ActiveCfg = Release|Any CPU
		{30EB733C-1C36-3FC0-ED1B-B663C1707BC0}.Release|Any CPU.Build.0 = Release|Any CPU
		{AEDCD542-F014-66DC-7708-103256FBA255}.Debug|Any CPU.ActiveCfg = Debug|Any CPU
		{AEDCD542-F014-66DC-7708-103256FBA255}.Debug|Any CPU.Build.0 = Debug|Any CPU
		{AEDCD542-F014-66DC-7708-103256FBA255}.Release|Any CPU.ActiveCfg = Release|Any CPU
		{AEDCD542-F014-66DC-7708-103256FBA255}.Release|Any CPU.Build.0 = Release|Any CPU
		{0F0EA6F3-FCDA-F699-AFFA-13CA6F4AED4A}.Debug|Any CPU.ActiveCfg = Debug|Any CPU
		{0F0EA6F3-FCDA-F699-AFFA-13CA6F4AED4A}.Debug|Any CPU.Build.0 = Debug|Any CPU
		{0F0EA6F3-FCDA-F699-AFFA-13CA6F4AED4A}.Release|Any CPU.ActiveCfg = Release|Any CPU
		{0F0EA6F3-FCDA-F699-AFFA-13CA6F4AED4A}.Release|Any CPU.Build.0 = Release|Any CPU
		{C0DC23BE-01DA-1777-2984-BD430369AED1}.Debug|Any CPU.ActiveCfg = Debug|Any CPU
		{C0DC23BE-01DA-1777-2984-BD430369AED1}.Debug|Any CPU.Build.0 = Debug|Any CPU
		{C0DC23BE-01DA-1777-2984-BD430369AED1}.Release|Any CPU.ActiveCfg = Release|Any CPU
		{C0DC23BE-01DA-1777-2984-BD430369AED1}.Release|Any CPU.Build.0 = Release|Any CPU
		{BAB73C8D-B92A-3B23-3004-A60D86409D2E}.Debug|Any CPU.ActiveCfg = Debug|Any CPU
		{BAB73C8D-B92A-3B23-3004-A60D86409D2E}.Debug|Any CPU.Build.0 = Debug|Any CPU
		{BAB73C8D-B92A-3B23-3004-A60D86409D2E}.Release|Any CPU.ActiveCfg = Release|Any CPU
		{BAB73C8D-B92A-3B23-3004-A60D86409D2E}.Release|Any CPU.Build.0 = Release|Any CPU
		{4C766EE8-4C6F-0F51-EE1E-F05F8345D2D9}.Debug|Any CPU.ActiveCfg = Debug|Any CPU
		{4C766EE8-4C6F-0F51-EE1E-F05F8345D2D9}.Debug|Any CPU.Build.0 = Debug|Any CPU
		{4C766EE8-4C6F-0F51-EE1E-F05F8345D2D9}.Release|Any CPU.ActiveCfg = Release|Any CPU
		{4C766EE8-4C6F-0F51-EE1E-F05F8345D2D9}.Release|Any CPU.Build.0 = Release|Any CPU
		{95C4CBDB-C7A6-32A0-BCC7-5E8691E45F81}.Debug|Any CPU.ActiveCfg = Debug|Any CPU
		{95C4CBDB-C7A6-32A0-BCC7-5E8691E45F81}.Debug|Any CPU.Build.0 = Debug|Any CPU
		{95C4CBDB-C7A6-32A0-BCC7-5E8691E45F81}.Release|Any CPU.ActiveCfg = Release|Any CPU
		{95C4CBDB-C7A6-32A0-BCC7-5E8691E45F81}.Release|Any CPU.Build.0 = Release|Any CPU
		{0FD72782-DB42-0230-A627-82BCE3BE9FAC}.Debug|Any CPU.ActiveCfg = Debug|Any CPU
		{0FD72782-DB42-0230-A627-82BCE3BE9FAC}.Debug|Any CPU.Build.0 = Debug|Any CPU
		{0FD72782-DB42-0230-A627-82BCE3BE9FAC}.Release|Any CPU.ActiveCfg = Release|Any CPU
		{0FD72782-DB42-0230-A627-82BCE3BE9FAC}.Release|Any CPU.Build.0 = Release|Any CPU
		{E6895D0C-36EB-00E1-889A-82FB7880F5CC}.Debug|Any CPU.ActiveCfg = Debug|Any CPU
		{E6895D0C-36EB-00E1-889A-82FB7880F5CC}.Debug|Any CPU.Build.0 = Debug|Any CPU
		{E6895D0C-36EB-00E1-889A-82FB7880F5CC}.Release|Any CPU.ActiveCfg = Release|Any CPU
		{E6895D0C-36EB-00E1-889A-82FB7880F5CC}.Release|Any CPU.Build.0 = Release|Any CPU
		{BA24DD4F-9C15-8E7F-BFA4-BBED0281D151}.Debug|Any CPU.ActiveCfg = Debug|Any CPU
		{BA24DD4F-9C15-8E7F-BFA4-BBED0281D151}.Debug|Any CPU.Build.0 = Debug|Any CPU
		{BA24DD4F-9C15-8E7F-BFA4-BBED0281D151}.Release|Any CPU.ActiveCfg = Release|Any CPU
		{BA24DD4F-9C15-8E7F-BFA4-BBED0281D151}.Release|Any CPU.Build.0 = Release|Any CPU
		{845D3613-10AE-3D89-A96C-5C0AE31823B9}.Debug|Any CPU.ActiveCfg = Debug|Any CPU
		{845D3613-10AE-3D89-A96C-5C0AE31823B9}.Debug|Any CPU.Build.0 = Debug|Any CPU
		{845D3613-10AE-3D89-A96C-5C0AE31823B9}.Release|Any CPU.ActiveCfg = Release|Any CPU
		{845D3613-10AE-3D89-A96C-5C0AE31823B9}.Release|Any CPU.Build.0 = Release|Any CPU
		{2072FCF9-4B45-37FC-4856-0D06790B163D}.Debug|Any CPU.ActiveCfg = Debug|Any CPU
		{2072FCF9-4B45-37FC-4856-0D06790B163D}.Debug|Any CPU.Build.0 = Debug|Any CPU
		{2072FCF9-4B45-37FC-4856-0D06790B163D}.Release|Any CPU.ActiveCfg = Release|Any CPU
		{2072FCF9-4B45-37FC-4856-0D06790B163D}.Release|Any CPU.Build.0 = Release|Any CPU
		{D7D3048D-FCC3-2BE7-979A-B16AD3AA88B4}.Debug|Any CPU.ActiveCfg = Debug|Any CPU
		{D7D3048D-FCC3-2BE7-979A-B16AD3AA88B4}.Debug|Any CPU.Build.0 = Debug|Any CPU
		{D7D3048D-FCC3-2BE7-979A-B16AD3AA88B4}.Release|Any CPU.ActiveCfg = Release|Any CPU
		{D7D3048D-FCC3-2BE7-979A-B16AD3AA88B4}.Release|Any CPU.Build.0 = Release|Any CPU
		{1C80318F-CE45-42BC-5020-89756C10C005}.Debug|Any CPU.ActiveCfg = Debug|Any CPU
		{1C80318F-CE45-42BC-5020-89756C10C005}.Debug|Any CPU.Build.0 = Debug|Any CPU
		{1C80318F-CE45-42BC-5020-89756C10C005}.Release|Any CPU.ActiveCfg = Release|Any CPU
		{1C80318F-CE45-42BC-5020-89756C10C005}.Release|Any CPU.Build.0 = Release|Any CPU
		{1804AF7E-499B-62E0-2A4B-580313C83ECB}.Debug|Any CPU.ActiveCfg = Debug|Any CPU
		{1804AF7E-499B-62E0-2A4B-580313C83ECB}.Debug|Any CPU.Build.0 = Debug|Any CPU
		{1804AF7E-499B-62E0-2A4B-580313C83ECB}.Release|Any CPU.ActiveCfg = Release|Any CPU
		{1804AF7E-499B-62E0-2A4B-580313C83ECB}.Release|Any CPU.Build.0 = Release|Any CPU
		{26206748-76D4-729D-C8F2-F010D05A8E79}.Debug|Any CPU.ActiveCfg = Debug|Any CPU
		{26206748-76D4-729D-C8F2-F010D05A8E79}.Debug|Any CPU.Build.0 = Debug|Any CPU
		{26206748-76D4-729D-C8F2-F010D05A8E79}.Release|Any CPU.ActiveCfg = Release|Any CPU
		{26206748-76D4-729D-C8F2-F010D05A8E79}.Release|Any CPU.Build.0 = Release|Any CPU
		{9C4A3A1B-74B7-F79E-1EF9-5A6E51007C2D}.Debug|Any CPU.ActiveCfg = Debug|Any CPU
		{9C4A3A1B-74B7-F79E-1EF9-5A6E51007C2D}.Debug|Any CPU.Build.0 = Debug|Any CPU
		{9C4A3A1B-74B7-F79E-1EF9-5A6E51007C2D}.Release|Any CPU.ActiveCfg = Release|Any CPU
		{9C4A3A1B-74B7-F79E-1EF9-5A6E51007C2D}.Release|Any CPU.Build.0 = Release|Any CPU
		{20D1513B-AC7F-C86F-DBBB-097D6D599EC3}.Debug|Any CPU.ActiveCfg = Debug|Any CPU
		{20D1513B-AC7F-C86F-DBBB-097D6D599EC3}.Debug|Any CPU.Build.0 = Debug|Any CPU
		{20D1513B-AC7F-C86F-DBBB-097D6D599EC3}.Release|Any CPU.ActiveCfg = Release|Any CPU
		{20D1513B-AC7F-C86F-DBBB-097D6D599EC3}.Release|Any CPU.Build.0 = Release|Any CPU
		{45C8F221-1F99-648F-D7D6-78D8F214B868}.Debug|Any CPU.ActiveCfg = Debug|Any CPU
		{45C8F221-1F99-648F-D7D6-78D8F214B868}.Debug|Any CPU.Build.0 = Debug|Any CPU
		{45C8F221-1F99-648F-D7D6-78D8F214B868}.Release|Any CPU.ActiveCfg = Release|Any CPU
		{45C8F221-1F99-648F-D7D6-78D8F214B868}.Release|Any CPU.Build.0 = Release|Any CPU
		{61FE4D74-61A0-B3B9-0578-7505E751B3FE}.Debug|Any CPU.ActiveCfg = Debug|Any CPU
		{61FE4D74-61A0-B3B9-0578-7505E751B3FE}.Debug|Any CPU.Build.0 = Debug|Any CPU
		{61FE4D74-61A0-B3B9-0578-7505E751B3FE}.Release|Any CPU.ActiveCfg = Release|Any CPU
		{61FE4D74-61A0-B3B9-0578-7505E751B3FE}.Release|Any CPU.Build.0 = Release|Any CPU
		{863027D1-8D18-592A-00C5-2F9C90891146}.Debug|Any CPU.ActiveCfg = Debug|Any CPU
		{863027D1-8D18-592A-00C5-2F9C90891146}.Debug|Any CPU.Build.0 = Debug|Any CPU
		{863027D1-8D18-592A-00C5-2F9C90891146}.Release|Any CPU.ActiveCfg = Release|Any CPU
		{863027D1-8D18-592A-00C5-2F9C90891146}.Release|Any CPU.Build.0 = Release|Any CPU
		{1DB3D4BD-F32C-F55B-4055-8162E39E7F83}.Debug|Any CPU.ActiveCfg = Debug|Any CPU
		{1DB3D4BD-F32C-F55B-4055-8162E39E7F83}.Debug|Any CPU.Build.0 = Debug|Any CPU
		{1DB3D4BD-F32C-F55B-4055-8162E39E7F83}.Release|Any CPU.ActiveCfg = Release|Any CPU
		{1DB3D4BD-F32C-F55B-4055-8162E39E7F83}.Release|Any CPU.Build.0 = Release|Any CPU
		{CE4A2C9F-3880-60B4-1E2E-E4EFB9179F44}.Debug|Any CPU.ActiveCfg = Debug|Any CPU
		{CE4A2C9F-3880-60B4-1E2E-E4EFB9179F44}.Debug|Any CPU.Build.0 = Debug|Any CPU
		{CE4A2C9F-3880-60B4-1E2E-E4EFB9179F44}.Release|Any CPU.ActiveCfg = Release|Any CPU
		{CE4A2C9F-3880-60B4-1E2E-E4EFB9179F44}.Release|Any CPU.Build.0 = Release|Any CPU
		{89D6B942-1FDF-849E-5499-3B0619AB01ED}.Debug|Any CPU.ActiveCfg = Debug|Any CPU
		{89D6B942-1FDF-849E-5499-3B0619AB01ED}.Debug|Any CPU.Build.0 = Debug|Any CPU
		{89D6B942-1FDF-849E-5499-3B0619AB01ED}.Release|Any CPU.ActiveCfg = Release|Any CPU
		{89D6B942-1FDF-849E-5499-3B0619AB01ED}.Release|Any CPU.Build.0 = Release|Any CPU
		{2BD68179-8FBA-80FB-2283-30325302B328}.Debug|Any CPU.ActiveCfg = Debug|Any CPU
		{2BD68179-8FBA-80FB-2283-30325302B328}.Debug|Any CPU.Build.0 = Debug|Any CPU
		{2BD68179-8FBA-80FB-2283-30325302B328}.Release|Any CPU.ActiveCfg = Release|Any CPU
		{2BD68179-8FBA-80FB-2283-30325302B328}.Release|Any CPU.Build.0 = Release|Any CPU
	EndGlobalSection
	GlobalSection(SolutionProperties) = preSolution
		HideSolutionNode = FALSE
	EndGlobalSection
EndGlobal
